// !$*UTF8*$!
{
	archiveVersion = 1;
	classes = {
	};
	objectVersion = 50;
	objects = {

/* Begin PBXBuildFile section */
		BB068EE422D7A6A7002E975D /* AppDelegate.swift in Sources */ = {isa = PBXBuildFile; fileRef = BB068EE322D7A6A7002E975D /* AppDelegate.swift */; };
		BB068EE622D7A6A7002E975D /* SceneDelegate.swift in Sources */ = {isa = PBXBuildFile; fileRef = BB068EE522D7A6A7002E975D /* SceneDelegate.swift */; };
		BB068EE822D7A6A7002E975D /* ContentView.swift in Sources */ = {isa = PBXBuildFile; fileRef = BB068EE722D7A6A7002E975D /* ContentView.swift */; };
		BB068EEA22D7A6A9002E975D /* Assets.xcassets in Resources */ = {isa = PBXBuildFile; fileRef = BB068EE922D7A6A9002E975D /* Assets.xcassets */; };
		BB068EED22D7A6A9002E975D /* Preview Assets.xcassets in Resources */ = {isa = PBXBuildFile; fileRef = BB068EEC22D7A6A9002E975D /* Preview Assets.xcassets */; };
		BB068EF022D7A6A9002E975D /* LaunchScreen.storyboard in Resources */ = {isa = PBXBuildFile; fileRef = BB068EEE22D7A6A9002E975D /* LaunchScreen.storyboard */; };
		BB068EF822D8A296002E975D /* Home.swift in Sources */ = {isa = PBXBuildFile; fileRef = BB068EF722D8A296002E975D /* Home.swift */; };
		BB72AE9D22D8C0E900A24640 /* HomeList.swift in Sources */ = {isa = PBXBuildFile; fileRef = BB72AE9C22D8C0E900A24640 /* HomeList.swift */; };
		BB72AE9F22D8C66300A24640 /* BlurView.swift in Sources */ = {isa = PBXBuildFile; fileRef = BB72AE9E22D8C66300A24640 /* BlurView.swift */; };
		BB98D20F22D8C9CA00EEA246 /* UpdateList.swift in Sources */ = {isa = PBXBuildFile; fileRef = BB98D20E22D8C9CA00EEA246 /* UpdateList.swift */; };
/* End PBXBuildFile section */

/* Begin PBXFileReference section */
		BB068EE022D7A6A7002E975D /* LearningSwiftUI.app */ = {isa = PBXFileReference; explicitFileType = wrapper.application; includeInIndex = 0; path = LearningSwiftUI.app; sourceTree = BUILT_PRODUCTS_DIR; };
		BB068EE322D7A6A7002E975D /* AppDelegate.swift */ = {isa = PBXFileReference; lastKnownFileType = sourcecode.swift; path = AppDelegate.swift; sourceTree = "<group>"; };
		BB068EE522D7A6A7002E975D /* SceneDelegate.swift */ = {isa = PBXFileReference; lastKnownFileType = sourcecode.swift; path = SceneDelegate.swift; sourceTree = "<group>"; };
		BB068EE722D7A6A7002E975D /* ContentView.swift */ = {isa = PBXFileReference; lastKnownFileType = sourcecode.swift; path = ContentView.swift; sourceTree = "<group>"; };
		BB068EE922D7A6A9002E975D /* Assets.xcassets */ = {isa = PBXFileReference; lastKnownFileType = folder.assetcatalog; path = Assets.xcassets; sourceTree = "<group>"; };
		BB068EEC22D7A6A9002E975D /* Preview Assets.xcassets */ = {isa = PBXFileReference; lastKnownFileType = folder.assetcatalog; path = "Preview Assets.xcassets"; sourceTree = "<group>"; };
		BB068EEF22D7A6A9002E975D /* Base */ = {isa = PBXFileReference; lastKnownFileType = file.storyboard; name = Base; path = Base.lproj/LaunchScreen.storyboard; sourceTree = "<group>"; };
		BB068EF122D7A6A9002E975D /* Info.plist */ = {isa = PBXFileReference; lastKnownFileType = text.plist.xml; path = Info.plist; sourceTree = "<group>"; };
		BB068EF722D8A296002E975D /* Home.swift */ = {isa = PBXFileReference; lastKnownFileType = sourcecode.swift; path = Home.swift; sourceTree = "<group>"; };
		BB72AE9C22D8C0E900A24640 /* HomeList.swift */ = {isa = PBXFileReference; lastKnownFileType = sourcecode.swift; path = HomeList.swift; sourceTree = "<group>"; };
		BB72AE9E22D8C66300A24640 /* BlurView.swift */ = {isa = PBXFileReference; fileEncoding = 4; lastKnownFileType = sourcecode.swift; path = BlurView.swift; sourceTree = "<group>"; };
		BB98D20E22D8C9CA00EEA246 /* UpdateList.swift */ = {isa = PBXFileReference; lastKnownFileType = sourcecode.swift; path = UpdateList.swift; sourceTree = "<group>"; };
/* End PBXFileReference section */

/* Begin PBXFrameworksBuildPhase section */
		BB068EDD22D7A6A7002E975D /* Frameworks */ = {
			isa = PBXFrameworksBuildPhase;
			buildActionMask = 2147483647;
			files = (
			);
			runOnlyForDeploymentPostprocessing = 0;
		};
/* End PBXFrameworksBuildPhase section */

/* Begin PBXGroup section */
		BB068ED722D7A6A7002E975D = {
			isa = PBXGroup;
			children = (
				BB068EE222D7A6A7002E975D /* LearningSwiftUI */,
				BB068EE122D7A6A7002E975D /* Products */,
			);
			sourceTree = "<group>";
		};
		BB068EE122D7A6A7002E975D /* Products */ = {
			isa = PBXGroup;
			children = (
				BB068EE022D7A6A7002E975D /* LearningSwiftUI.app */,
			);
			name = Products;
			sourceTree = "<group>";
		};
		BB068EE222D7A6A7002E975D /* LearningSwiftUI */ = {
			isa = PBXGroup;
			children = (
				BB068EE322D7A6A7002E975D /* AppDelegate.swift */,
				BB068EE522D7A6A7002E975D /* SceneDelegate.swift */,
				BB068EE722D7A6A7002E975D /* ContentView.swift */,
				BB068EF722D8A296002E975D /* Home.swift */,
				BB72AE9C22D8C0E900A24640 /* HomeList.swift */,
				BB98D20E22D8C9CA00EEA246 /* UpdateList.swift */,
				BB72AE9E22D8C66300A24640 /* BlurView.swift */,
				BB068EE922D7A6A9002E975D /* Assets.xcassets */,
				BB068EEE22D7A6A9002E975D /* LaunchScreen.storyboard */,
				BB068EF122D7A6A9002E975D /* Info.plist */,
				BB068EEB22D7A6A9002E975D /* Preview Content */,
			);
			path = LearningSwiftUI;
			sourceTree = "<group>";
		};
		BB068EEB22D7A6A9002E975D /* Preview Content */ = {
			isa = PBXGroup;
			children = (
				BB068EEC22D7A6A9002E975D /* Preview Assets.xcassets */,
			);
			path = "Preview Content";
			sourceTree = "<group>";
		};
/* End PBXGroup section */

/* Begin PBXNativeTarget section */
		BB068EDF22D7A6A7002E975D /* LearningSwiftUI */ = {
			isa = PBXNativeTarget;
			buildConfigurationList = BB068EF422D7A6A9002E975D /* Build configuration list for PBXNativeTarget "LearningSwiftUI" */;
			buildPhases = (
				BB068EDC22D7A6A7002E975D /* Sources */,
				BB068EDD22D7A6A7002E975D /* Frameworks */,
				BB068EDE22D7A6A7002E975D /* Resources */,
			);
			buildRules = (
			);
			dependencies = (
			);
			name = LearningSwiftUI;
			productName = LearningSwiftUI;
			productReference = BB068EE022D7A6A7002E975D /* LearningSwiftUI.app */;
			productType = "com.apple.product-type.application";
		};
/* End PBXNativeTarget section */

/* Begin PBXProject section */
		BB068ED822D7A6A7002E975D /* Project object */ = {
			isa = PBXProject;
			attributes = {
				LastSwiftUpdateCheck = 1100;
				LastUpgradeCheck = 1100;
				ORGANIZATIONNAME = "Antonakakis Nikolaos";
				TargetAttributes = {
					BB068EDF22D7A6A7002E975D = {
						CreatedOnToolsVersion = 11.0;
					};
				};
			};
			buildConfigurationList = BB068EDB22D7A6A7002E975D /* Build configuration list for PBXProject "LearningSwiftUI" */;
			compatibilityVersion = "Xcode 9.3";
			developmentRegion = en;
			hasScannedForEncodings = 0;
			knownRegions = (
				en,
				Base,
			);
			mainGroup = BB068ED722D7A6A7002E975D;
			productRefGroup = BB068EE122D7A6A7002E975D /* Products */;
			projectDirPath = "";
			projectRoot = "";
			targets = (
				BB068EDF22D7A6A7002E975D /* LearningSwiftUI */,
			);
		};
/* End PBXProject section */

/* Begin PBXResourcesBuildPhase section */
		BB068EDE22D7A6A7002E975D /* Resources */ = {
			isa = PBXResourcesBuildPhase;
			buildActionMask = 2147483647;
			files = (
				BB068EF022D7A6A9002E975D /* LaunchScreen.storyboard in Resources */,
				BB068EED22D7A6A9002E975D /* Preview Assets.xcassets in Resources */,
				BB068EEA22D7A6A9002E975D /* Assets.xcassets in Resources */,
			);
			runOnlyForDeploymentPostprocessing = 0;
		};
/* End PBXResourcesBuildPhase section */

/* Begin PBXSourcesBuildPhase section */
		BB068EDC22D7A6A7002E975D /* Sources */ = {
			isa = PBXSourcesBuildPhase;
			buildActionMask = 2147483647;
			files = (
				BB068EE422D7A6A7002E975D /* AppDelegate.swift in Sources */,
				BB98D20F22D8C9CA00EEA246 /* UpdateList.swift in Sources */,
				BB72AE9D22D8C0E900A24640 /* HomeList.swift in Sources */,
				BB068EE622D7A6A7002E975D /* SceneDelegate.swift in Sources */,
				BB068EF822D8A296002E975D /* Home.swift in Sources */,
				BB068EE822D7A6A7002E975D /* ContentView.swift in Sources */,
				BB72AE9F22D8C66300A24640 /* BlurView.swift in Sources */,
			);
			runOnlyForDeploymentPostprocessing = 0;
		};
/* End PBXSourcesBuildPhase section */

/* Begin PBXVariantGroup section */
		BB068EEE22D7A6A9002E975D /* LaunchScreen.storyboard */ = {
			isa = PBXVariantGroup;
			children = (
				BB068EEF22D7A6A9002E975D /* Base */,
			);
			name = LaunchScreen.storyboard;
			sourceTree = "<group>";
		};
/* End PBXVariantGroup section */

/* Begin XCBuildConfiguration section */
		BB068EF222D7A6A9002E975D /* Debug */ = {
			isa = XCBuildConfiguration;
			buildSettings = {
				ALWAYS_SEARCH_USER_PATHS = NO;
				CLANG_ANALYZER_NONNULL = YES;
				CLANG_ANALYZER_NUMBER_OBJECT_CONVERSION = YES_AGGRESSIVE;
				CLANG_CXX_LANGUAGE_STANDARD = "gnu++14";
				CLANG_CXX_LIBRARY = "libc++";
				CLANG_ENABLE_MODULES = YES;
				CLANG_ENABLE_OBJC_ARC = YES;
				CLANG_ENABLE_OBJC_WEAK = YES;
				CLANG_WARN_BLOCK_CAPTURE_AUTORELEASING = YES;
				CLANG_WARN_BOOL_CONVERSION = YES;
				CLANG_WARN_COMMA = YES;
				CLANG_WARN_CONSTANT_CONVERSION = YES;
				CLANG_WARN_DEPRECATED_OBJC_IMPLEMENTATIONS = YES;
				CLANG_WARN_DIRECT_OBJC_ISA_USAGE = YES_ERROR;
				CLANG_WARN_DOCUMENTATION_COMMENTS = YES;
				CLANG_WARN_EMPTY_BODY = YES;
				CLANG_WARN_ENUM_CONVERSION = YES;
				CLANG_WARN_INFINITE_RECURSION = YES;
				CLANG_WARN_INT_CONVERSION = YES;
				CLANG_WARN_NON_LITERAL_NULL_CONVERSION = YES;
				CLANG_WARN_OBJC_IMPLICIT_RETAIN_SELF = YES;
				CLANG_WARN_OBJC_LITERAL_CONVERSION = YES;
				CLANG_WARN_OBJC_ROOT_CLASS = YES_ERROR;
				CLANG_WARN_RANGE_LOOP_ANALYSIS = YES;
				CLANG_WARN_STRICT_PROTOTYPES = YES;
				CLANG_WARN_SUSPICIOUS_MOVE = YES;
				CLANG_WARN_UNGUARDED_AVAILABILITY = YES_AGGRESSIVE;
				CLANG_WARN_UNREACHABLE_CODE = YES;
				CLANG_WARN__DUPLICATE_METHOD_MATCH = YES;
				COPY_PHASE_STRIP = NO;
				DEBUG_INFORMATION_FORMAT = dwarf;
				ENABLE_STRICT_OBJC_MSGSEND = YES;
				ENABLE_TESTABILITY = YES;
				GCC_C_LANGUAGE_STANDARD = gnu11;
				GCC_DYNAMIC_NO_PIC = NO;
				GCC_NO_COMMON_BLOCKS = YES;
				GCC_OPTIMIZATION_LEVEL = 0;
				GCC_PREPROCESSOR_DEFINITIONS = (
					"DEBUG=1",
					"$(inherited)",
				);
				GCC_WARN_64_TO_32_BIT_CONVERSION = YES;
				GCC_WARN_ABOUT_RETURN_TYPE = YES_ERROR;
				GCC_WARN_UNDECLARED_SELECTOR = YES;
				GCC_WARN_UNINITIALIZED_AUTOS = YES_AGGRESSIVE;
				GCC_WARN_UNUSED_FUNCTION = YES;
				GCC_WARN_UNUSED_VARIABLE = YES;
				IPHONEOS_DEPLOYMENT_TARGET = 13.0;
				MTL_ENABLE_DEBUG_INFO = INCLUDE_SOURCE;
				MTL_FAST_MATH = YES;
				ONLY_ACTIVE_ARCH = YES;
				SDKROOT = iphoneos;
				SWIFT_ACTIVE_COMPILATION_CONDITIONS = DEBUG;
				SWIFT_OPTIMIZATION_LEVEL = "-Onone";
			};
			name = Debug;
		};
		BB068EF322D7A6A9002E975D /* Release */ = {
			isa = XCBuildConfiguration;
			buildSettings = {
				ALWAYS_SEARCH_USER_PATHS = NO;
				CLANG_ANALYZER_NONNULL = YES;
				CLANG_ANALYZER_NUMBER_OBJECT_CONVERSION = YES_AGGRESSIVE;
				CLANG_CXX_LANGUAGE_STANDARD = "gnu++14";
				CLANG_CXX_LIBRARY = "libc++";
				CLANG_ENABLE_MODULES = YES;
				CLANG_ENABLE_OBJC_ARC = YES;
				CLANG_ENABLE_OBJC_WEAK = YES;
				CLANG_WARN_BLOCK_CAPTURE_AUTORELEASING = YES;
				CLANG_WARN_BOOL_CONVERSION = YES;
				CLANG_WARN_COMMA = YES;
				CLANG_WARN_CONSTANT_CONVERSION = YES;
				CLANG_WARN_DEPRECATED_OBJC_IMPLEMENTATIONS = YES;
				CLANG_WARN_DIRECT_OBJC_ISA_USAGE = YES_ERROR;
				CLANG_WARN_DOCUMENTATION_COMMENTS = YES;
				CLANG_WARN_EMPTY_BODY = YES;
				CLANG_WARN_ENUM_CONVERSION = YES;
				CLANG_WARN_INFINITE_RECURSION = YES;
				CLANG_WARN_INT_CONVERSION = YES;
				CLANG_WARN_NON_LITERAL_NULL_CONVERSION = YES;
				CLANG_WARN_OBJC_IMPLICIT_RETAIN_SELF = YES;
				CLANG_WARN_OBJC_LITERAL_CONVERSION = YES;
				CLANG_WARN_OBJC_ROOT_CLASS = YES_ERROR;
				CLANG_WARN_RANGE_LOOP_ANALYSIS = YES;
				CLANG_WARN_STRICT_PROTOTYPES = YES;
				CLANG_WARN_SUSPICIOUS_MOVE = YES;
				CLANG_WARN_UNGUARDED_AVAILABILITY = YES_AGGRESSIVE;
				CLANG_WARN_UNREACHABLE_CODE = YES;
				CLANG_WARN__DUPLICATE_METHOD_MATCH = YES;
				COPY_PHASE_STRIP = NO;
				DEBUG_INFORMATION_FORMAT = "dwarf-with-dsym";
				ENABLE_NS_ASSERTIONS = NO;
				ENABLE_STRICT_OBJC_MSGSEND = YES;
				GCC_C_LANGUAGE_STANDARD = gnu11;
				GCC_NO_COMMON_BLOCKS = YES;
				GCC_WARN_64_TO_32_BIT_CONVERSION = YES;
				GCC_WARN_ABOUT_RETURN_TYPE = YES_ERROR;
				GCC_WARN_UNDECLARED_SELECTOR = YES;
				GCC_WARN_UNINITIALIZED_AUTOS = YES_AGGRESSIVE;
				GCC_WARN_UNUSED_FUNCTION = YES;
				GCC_WARN_UNUSED_VARIABLE = YES;
				IPHONEOS_DEPLOYMENT_TARGET = 13.0;
				MTL_ENABLE_DEBUG_INFO = NO;
				MTL_FAST_MATH = YES;
				SDKROOT = iphoneos;
				SWIFT_COMPILATION_MODE = wholemodule;
				SWIFT_OPTIMIZATION_LEVEL = "-O";
				VALIDATE_PRODUCT = YES;
			};
			name = Release;
		};
		BB068EF522D7A6A9002E975D /* Debug */ = {
			isa = XCBuildConfiguration;
			buildSettings = {
				ASSETCATALOG_COMPILER_APPICON_NAME = AppIcon;
				CODE_SIGN_STYLE = Automatic;
				DEVELOPMENT_ASSET_PATHS = "LearningSwiftUI/Preview\\ Content";
				DEVELOPMENT_TEAM = DL942A8RW4;
				ENABLE_PREVIEWS = YES;
				INFOPLIST_FILE = LearningSwiftUI/Info.plist;
				LD_RUNPATH_SEARCH_PATHS = (
					"$(inherited)",
					"@executable_path/Frameworks",
				);
				PRODUCT_BUNDLE_IDENTIFIER = com.antonakakis.LearningSwiftUI;
				PRODUCT_NAME = "$(TARGET_NAME)";
				SWIFT_VERSION = 5.0;
				TARGETED_DEVICE_FAMILY = "1,2";
			};
			name = Debug;
		};
		BB068EF622D7A6A9002E975D /* Release */ = {
			isa = XCBuildConfiguration;
			buildSettings = {
				ASSETCATALOG_COMPILER_APPICON_NAME = AppIcon;
				CODE_SIGN_STYLE = Automatic;
				DEVELOPMENT_ASSET_PATHS = "LearningSwiftUI/Preview\\ Content";
				DEVELOPMENT_TEAM = DL942A8RW4;
				ENABLE_PREVIEWS = YES;
				INFOPLIST_FILE = LearningSwiftUI/Info.plist;
				LD_RUNPATH_SEARCH_PATHS = (
					"$(inherited)",
					"@executable_path/Frameworks",
				);
				PRODUCT_BUNDLE_IDENTIFIER = com.antonakakis.LearningSwiftUI;
				PRODUCT_NAME = "$(TARGET_NAME)";
				SWIFT_VERSION = 5.0;
				TARGETED_DEVICE_FAMILY = "1,2";
			};
			name = Release;
		};
/* End XCBuildConfiguration section */

/* Begin XCConfigurationList section */
		BB068EDB22D7A6A7002E975D /* Build configuration list for PBXProject "LearningSwiftUI" */ = {
			isa = XCConfigurationList;
			buildConfigurations = (
				BB068EF222D7A6A9002E975D /* Debug */,
				BB068EF322D7A6A9002E975D /* Release */,
			);
			defaultConfigurationIsVisible = 0;
			defaultConfigurationName = Release;
		};
		BB068EF422D7A6A9002E975D /* Build configuration list for PBXNativeTarget "LearningSwiftUI" */ = {
			isa = XCConfigurationList;
			buildConfigurations = (
				BB068EF522D7A6A9002E975D /* Debug */,
				BB068EF622D7A6A9002E975D /* Release */,
			);
			defaultConfigurationIsVisible = 0;
			defaultConfigurationName = Release;
		};
/* End XCConfigurationList section */
	};
	rootObject = BB068ED822D7A6A7002E975D /* Project object */;
}
